// !$*UTF8*$!
{
	archiveVersion = 1;
	classes = {
	};
	objectVersion = 55;
	objects = {

/* Begin PBXBuildFile section */
		83113EE927C3142A00EB7DC2 /* Extensions.swift in Sources */ = {isa = PBXBuildFile; fileRef = 83113EE827C3142A00EB7DC2 /* Extensions.swift */; };
		83113EEB27C348F900EB7DC2 /* InputContainterView.swift in Sources */ = {isa = PBXBuildFile; fileRef = 83113EEA27C348F900EB7DC2 /* InputContainterView.swift */; };
		83113EED27C34CF100EB7DC2 /* CustomTextField.swift in Sources */ = {isa = PBXBuildFile; fileRef = 83113EEC27C34CF100EB7DC2 /* CustomTextField.swift */; };
		83113EF727C37B3F00EB7DC2 /* LoginViewModel.swift in Sources */ = {isa = PBXBuildFile; fileRef = 83113EF627C37B3F00EB7DC2 /* LoginViewModel.swift */; };
		83113EF927C3AC8D00EB7DC2 /* RegistrationViewModel.swift in Sources */ = {isa = PBXBuildFile; fileRef = 83113EF827C3AC8D00EB7DC2 /* RegistrationViewModel.swift */; };
		838B9B6627C4703E00B0DB30 /* GoogleService-Info.plist in Resources */ = {isa = PBXBuildFile; fileRef = 838B9B6527C4703E00B0DB30 /* GoogleService-Info.plist */; };
		838B9B6827C4A2D800B0DB30 /* AuthService.swift in Sources */ = {isa = PBXBuildFile; fileRef = 838B9B6727C4A2D800B0DB30 /* AuthService.swift */; };
		838B9B6A27C5080800B0DB30 /* NewMessageController.swift in Sources */ = {isa = PBXBuildFile; fileRef = 838B9B6927C5080800B0DB30 /* NewMessageController.swift */; };
		838B9B6C27C50BC100B0DB30 /* UserCell.swift in Sources */ = {isa = PBXBuildFile; fileRef = 838B9B6B27C50BC100B0DB30 /* UserCell.swift */; };
		839B03F827BE226A000E8E74 /* AppDelegate.swift in Sources */ = {isa = PBXBuildFile; fileRef = 839B03F727BE226A000E8E74 /* AppDelegate.swift */; };
		839B03FA27BE226A000E8E74 /* SceneDelegate.swift in Sources */ = {isa = PBXBuildFile; fileRef = 839B03F927BE226A000E8E74 /* SceneDelegate.swift */; };
		839B03FC27BE226A000E8E74 /* ViewController.swift in Sources */ = {isa = PBXBuildFile; fileRef = 839B03FB27BE226A000E8E74 /* ViewController.swift */; };
		839B03FF27BE226A000E8E74 /* Main.storyboard in Resources */ = {isa = PBXBuildFile; fileRef = 839B03FD27BE226A000E8E74 /* Main.storyboard */; };
		839B040127BE226B000E8E74 /* Assets.xcassets in Resources */ = {isa = PBXBuildFile; fileRef = 839B040027BE226B000E8E74 /* Assets.xcassets */; };
		839B040427BE226B000E8E74 /* LaunchScreen.storyboard in Resources */ = {isa = PBXBuildFile; fileRef = 839B040227BE226B000E8E74 /* LaunchScreen.storyboard */; };
		839B040F27BE226B000E8E74 /* FireChatTests.swift in Sources */ = {isa = PBXBuildFile; fileRef = 839B040E27BE226B000E8E74 /* FireChatTests.swift */; };
		839B041927BE226B000E8E74 /* FireChatUITests.swift in Sources */ = {isa = PBXBuildFile; fileRef = 839B041827BE226B000E8E74 /* FireChatUITests.swift */; };
		839B041B27BE226B000E8E74 /* FireChatUITestsLaunchTests.swift in Sources */ = {isa = PBXBuildFile; fileRef = 839B041A27BE226B000E8E74 /* FireChatUITestsLaunchTests.swift */; };
		839B042E27BE22F4000E8E74 /* ConversationController.swift in Sources */ = {isa = PBXBuildFile; fileRef = 839B042D27BE22F4000E8E74 /* ConversationController.swift */; };
		839B043327BE3D78000E8E74 /* LoginController.swift in Sources */ = {isa = PBXBuildFile; fileRef = 839B043227BE3D78000E8E74 /* LoginController.swift */; };
		839B043527BE3D82000E8E74 /* RegistrationController.swift in Sources */ = {isa = PBXBuildFile; fileRef = 839B043427BE3D82000E8E74 /* RegistrationController.swift */; };
		83DDA3D227CC9AC10061C607 /* ConversationCell.swift in Sources */ = {isa = PBXBuildFile; fileRef = 83DDA3D127CC9AC10061C607 /* ConversationCell.swift */; };
		83DDA3D427CC9E0A0061C607 /* ConversationViewModel.swift in Sources */ = {isa = PBXBuildFile; fileRef = 83DDA3D327CC9E0A0061C607 /* ConversationViewModel.swift */; };
		83DDA3D627CCDC850061C607 /* ProfileController.swift in Sources */ = {isa = PBXBuildFile; fileRef = 83DDA3D527CCDC850061C607 /* ProfileController.swift */; };
		83DDA3D827CCDD640061C607 /* ProfileHeader.swift in Sources */ = {isa = PBXBuildFile; fileRef = 83DDA3D727CCDD640061C607 /* ProfileHeader.swift */; };
		83E337B427C5F01F00B7C011 /* User.swift in Sources */ = {isa = PBXBuildFile; fileRef = 83E337B327C5F01F00B7C011 /* User.swift */; };
		83E337B627C5F08400B7C011 /* Service.swift in Sources */ = {isa = PBXBuildFile; fileRef = 83E337B527C5F08400B7C011 /* Service.swift */; };
		83E337B827C64BBA00B7C011 /* ChatController.swift in Sources */ = {isa = PBXBuildFile; fileRef = 83E337B727C64BBA00B7C011 /* ChatController.swift */; };
		83E337BA27C6523B00B7C011 /* CustomInputAccessoryView.swift in Sources */ = {isa = PBXBuildFile; fileRef = 83E337B927C6523B00B7C011 /* CustomInputAccessoryView.swift */; };
		83E9811827C74E7500B79A21 /* MessageCell.swift in Sources */ = {isa = PBXBuildFile; fileRef = 83E9811727C74E7500B79A21 /* MessageCell.swift */; };
		83E9811A27C7581600B79A21 /* Message.swift in Sources */ = {isa = PBXBuildFile; fileRef = 83E9811927C7581600B79A21 /* Message.swift */; };
		83E9811C27C75AEF00B79A21 /* MessageViewModel.swift in Sources */ = {isa = PBXBuildFile; fileRef = 83E9811B27C75AEF00B79A21 /* MessageViewModel.swift */; };
		83E9811E27C7656600B79A21 /* Constants.swift in Sources */ = {isa = PBXBuildFile; fileRef = 83E9811D27C7656600B79A21 /* Constants.swift */; };
		83EC880A27CE05850068EEAA /* ProfileViewModel.swift in Sources */ = {isa = PBXBuildFile; fileRef = 83EC880927CE05850068EEAA /* ProfileViewModel.swift */; };
		83EC880C27CE06730068EEAA /* ProfileCell.swift in Sources */ = {isa = PBXBuildFile; fileRef = 83EC880B27CE06730068EEAA /* ProfileCell.swift */; };
		83EC880E27CE20880068EEAA /* ProfileFooter.swift in Sources */ = {isa = PBXBuildFile; fileRef = 83EC880D27CE20880068EEAA /* ProfileFooter.swift */; };
		9310CAFB09AA5F7D6E5687D0 /* Pods_FireChatTests.framework in Frameworks */ = {isa = PBXBuildFile; fileRef = ED649ED8D0272C3168486732 /* Pods_FireChatTests.framework */; };
		EED4F8EAE7ABF91A88499D7A /* Pods_FireChat_FireChatUITests.framework in Frameworks */ = {isa = PBXBuildFile; fileRef = 9CB9515382F6267AFF53FAF4 /* Pods_FireChat_FireChatUITests.framework */; };
		F16E95CEBF5B779DD68A2AE4 /* Pods_FireChat.framework in Frameworks */ = {isa = PBXBuildFile; fileRef = D4EF7FF5EA96564B838B697A /* Pods_FireChat.framework */; };
/* End PBXBuildFile section */

/* Begin PBXContainerItemProxy section */
		839B040B27BE226B000E8E74 /* PBXContainerItemProxy */ = {
			isa = PBXContainerItemProxy;
			containerPortal = 839B03EC27BE226A000E8E74 /* Project object */;
			proxyType = 1;
			remoteGlobalIDString = 839B03F327BE226A000E8E74;
			remoteInfo = FireChat;
		};
		839B041527BE226B000E8E74 /* PBXContainerItemProxy */ = {
			isa = PBXContainerItemProxy;
			containerPortal = 839B03EC27BE226A000E8E74 /* Project object */;
			proxyType = 1;
			remoteGlobalIDString = 839B03F327BE226A000E8E74;
			remoteInfo = FireChat;
		};
/* End PBXContainerItemProxy section */

/* Begin PBXFileReference section */
		14B7E2A9308FA67F1A72B14A /* Pods-FireChat.release.xcconfig */ = {isa = PBXFileReference; includeInIndex = 1; lastKnownFileType = text.xcconfig; name = "Pods-FireChat.release.xcconfig"; path = "Target Support Files/Pods-FireChat/Pods-FireChat.release.xcconfig"; sourceTree = "<group>"; };
		3797DDBEC7A40653B6DFAF09 /* Pods-FireChat-FireChatUITests.debug.xcconfig */ = {isa = PBXFileReference; includeInIndex = 1; lastKnownFileType = text.xcconfig; name = "Pods-FireChat-FireChatUITests.debug.xcconfig"; path = "Target Support Files/Pods-FireChat-FireChatUITests/Pods-FireChat-FireChatUITests.debug.xcconfig"; sourceTree = "<group>"; };
		3E946CAA5082BA3F47163985 /* Pods-FireChatTests.debug.xcconfig */ = {isa = PBXFileReference; includeInIndex = 1; lastKnownFileType = text.xcconfig; name = "Pods-FireChatTests.debug.xcconfig"; path = "Target Support Files/Pods-FireChatTests/Pods-FireChatTests.debug.xcconfig"; sourceTree = "<group>"; };
		75726F192D222069FCF47C27 /* Pods-FireChat.debug.xcconfig */ = {isa = PBXFileReference; includeInIndex = 1; lastKnownFileType = text.xcconfig; name = "Pods-FireChat.debug.xcconfig"; path = "Target Support Files/Pods-FireChat/Pods-FireChat.debug.xcconfig"; sourceTree = "<group>"; };
		83113EE827C3142A00EB7DC2 /* Extensions.swift */ = {isa = PBXFileReference; lastKnownFileType = sourcecode.swift; path = Extensions.swift; sourceTree = "<group>"; };
		83113EEA27C348F900EB7DC2 /* InputContainterView.swift */ = {isa = PBXFileReference; lastKnownFileType = sourcecode.swift; path = InputContainterView.swift; sourceTree = "<group>"; };
		83113EEC27C34CF100EB7DC2 /* CustomTextField.swift */ = {isa = PBXFileReference; lastKnownFileType = sourcecode.swift; path = CustomTextField.swift; sourceTree = "<group>"; };
		83113EF627C37B3F00EB7DC2 /* LoginViewModel.swift */ = {isa = PBXFileReference; lastKnownFileType = sourcecode.swift; path = LoginViewModel.swift; sourceTree = "<group>"; };
		83113EF827C3AC8D00EB7DC2 /* RegistrationViewModel.swift */ = {isa = PBXFileReference; lastKnownFileType = sourcecode.swift; path = RegistrationViewModel.swift; sourceTree = "<group>"; };
		838B9B6527C4703E00B0DB30 /* GoogleService-Info.plist */ = {isa = PBXFileReference; lastKnownFileType = text.plist; path = "GoogleService-Info.plist"; sourceTree = SOURCE_ROOT; };
		838B9B6727C4A2D800B0DB30 /* AuthService.swift */ = {isa = PBXFileReference; lastKnownFileType = sourcecode.swift; path = AuthService.swift; sourceTree = "<group>"; };
		838B9B6927C5080800B0DB30 /* NewMessageController.swift */ = {isa = PBXFileReference; lastKnownFileType = sourcecode.swift; path = NewMessageController.swift; sourceTree = "<group>"; };
		838B9B6B27C50BC100B0DB30 /* UserCell.swift */ = {isa = PBXFileReference; lastKnownFileType = sourcecode.swift; path = UserCell.swift; sourceTree = "<group>"; };
		839B03F427BE226A000E8E74 /* FireChat.app */ = {isa = PBXFileReference; explicitFileType = wrapper.application; includeInIndex = 0; path = FireChat.app; sourceTree = BUILT_PRODUCTS_DIR; };
		839B03F727BE226A000E8E74 /* AppDelegate.swift */ = {isa = PBXFileReference; lastKnownFileType = sourcecode.swift; path = AppDelegate.swift; sourceTree = "<group>"; };
		839B03F927BE226A000E8E74 /* SceneDelegate.swift */ = {isa = PBXFileReference; lastKnownFileType = sourcecode.swift; path = SceneDelegate.swift; sourceTree = "<group>"; };
		839B03FB27BE226A000E8E74 /* ViewController.swift */ = {isa = PBXFileReference; lastKnownFileType = sourcecode.swift; path = ViewController.swift; sourceTree = "<group>"; };
		839B03FE27BE226A000E8E74 /* Base */ = {isa = PBXFileReference; lastKnownFileType = file.storyboard; name = Base; path = Base.lproj/Main.storyboard; sourceTree = "<group>"; };
		839B040027BE226B000E8E74 /* Assets.xcassets */ = {isa = PBXFileReference; lastKnownFileType = folder.assetcatalog; path = Assets.xcassets; sourceTree = "<group>"; };
		839B040327BE226B000E8E74 /* Base */ = {isa = PBXFileReference; lastKnownFileType = file.storyboard; name = Base; path = Base.lproj/LaunchScreen.storyboard; sourceTree = "<group>"; };
		839B040527BE226B000E8E74 /* Info.plist */ = {isa = PBXFileReference; lastKnownFileType = text.plist.xml; path = Info.plist; sourceTree = "<group>"; };
		839B040A27BE226B000E8E74 /* FireChatTests.xctest */ = {isa = PBXFileReference; explicitFileType = wrapper.cfbundle; includeInIndex = 0; path = FireChatTests.xctest; sourceTree = BUILT_PRODUCTS_DIR; };
		839B040E27BE226B000E8E74 /* FireChatTests.swift */ = {isa = PBXFileReference; lastKnownFileType = sourcecode.swift; path = FireChatTests.swift; sourceTree = "<group>"; };
		839B041427BE226B000E8E74 /* FireChatUITests.xctest */ = {isa = PBXFileReference; explicitFileType = wrapper.cfbundle; includeInIndex = 0; path = FireChatUITests.xctest; sourceTree = BUILT_PRODUCTS_DIR; };
		839B041827BE226B000E8E74 /* FireChatUITests.swift */ = {isa = PBXFileReference; lastKnownFileType = sourcecode.swift; path = FireChatUITests.swift; sourceTree = "<group>"; };
		839B041A27BE226B000E8E74 /* FireChatUITestsLaunchTests.swift */ = {isa = PBXFileReference; lastKnownFileType = sourcecode.swift; path = FireChatUITestsLaunchTests.swift; sourceTree = "<group>"; };
		839B042D27BE22F4000E8E74 /* ConversationController.swift */ = {isa = PBXFileReference; lastKnownFileType = sourcecode.swift; path = ConversationController.swift; sourceTree = "<group>"; };
		839B043227BE3D78000E8E74 /* LoginController.swift */ = {isa = PBXFileReference; lastKnownFileType = sourcecode.swift; path = LoginController.swift; sourceTree = "<group>"; };
		839B043427BE3D82000E8E74 /* RegistrationController.swift */ = {isa = PBXFileReference; lastKnownFileType = sourcecode.swift; path = RegistrationController.swift; sourceTree = "<group>"; };
		83DDA3D127CC9AC10061C607 /* ConversationCell.swift */ = {isa = PBXFileReference; lastKnownFileType = sourcecode.swift; path = ConversationCell.swift; sourceTree = "<group>"; };
		83DDA3D327CC9E0A0061C607 /* ConversationViewModel.swift */ = {isa = PBXFileReference; lastKnownFileType = sourcecode.swift; path = ConversationViewModel.swift; sourceTree = "<group>"; };
		83DDA3D527CCDC850061C607 /* ProfileController.swift */ = {isa = PBXFileReference; lastKnownFileType = sourcecode.swift; path = ProfileController.swift; sourceTree = "<group>"; };
		83DDA3D727CCDD640061C607 /* ProfileHeader.swift */ = {isa = PBXFileReference; lastKnownFileType = sourcecode.swift; path = ProfileHeader.swift; sourceTree = "<group>"; };
		83E337B327C5F01F00B7C011 /* User.swift */ = {isa = PBXFileReference; lastKnownFileType = sourcecode.swift; path = User.swift; sourceTree = "<group>"; };
		83E337B527C5F08400B7C011 /* Service.swift */ = {isa = PBXFileReference; lastKnownFileType = sourcecode.swift; path = Service.swift; sourceTree = "<group>"; };
		83E337B727C64BBA00B7C011 /* ChatController.swift */ = {isa = PBXFileReference; lastKnownFileType = sourcecode.swift; path = ChatController.swift; sourceTree = "<group>"; };
		83E337B927C6523B00B7C011 /* CustomInputAccessoryView.swift */ = {isa = PBXFileReference; lastKnownFileType = sourcecode.swift; path = CustomInputAccessoryView.swift; sourceTree = "<group>"; };
		83E9811727C74E7500B79A21 /* MessageCell.swift */ = {isa = PBXFileReference; lastKnownFileType = sourcecode.swift; path = MessageCell.swift; sourceTree = "<group>"; };
		83E9811927C7581600B79A21 /* Message.swift */ = {isa = PBXFileReference; lastKnownFileType = sourcecode.swift; path = Message.swift; sourceTree = "<group>"; };
		83E9811B27C75AEF00B79A21 /* MessageViewModel.swift */ = {isa = PBXFileReference; lastKnownFileType = sourcecode.swift; path = MessageViewModel.swift; sourceTree = "<group>"; };
		83E9811D27C7656600B79A21 /* Constants.swift */ = {isa = PBXFileReference; lastKnownFileType = sourcecode.swift; path = Constants.swift; sourceTree = "<group>"; };
		83EC880927CE05850068EEAA /* ProfileViewModel.swift */ = {isa = PBXFileReference; lastKnownFileType = sourcecode.swift; path = ProfileViewModel.swift; sourceTree = "<group>"; };
		83EC880B27CE06730068EEAA /* ProfileCell.swift */ = {isa = PBXFileReference; lastKnownFileType = sourcecode.swift; path = ProfileCell.swift; sourceTree = "<group>"; };
		83EC880D27CE20880068EEAA /* ProfileFooter.swift */ = {isa = PBXFileReference; lastKnownFileType = sourcecode.swift; path = ProfileFooter.swift; sourceTree = "<group>"; };
		8AC58B6B5E5896C2C37A5EFF /* Pods-FireChatTests.release.xcconfig */ = {isa = PBXFileReference; includeInIndex = 1; lastKnownFileType = text.xcconfig; name = "Pods-FireChatTests.release.xcconfig"; path = "Target Support Files/Pods-FireChatTests/Pods-FireChatTests.release.xcconfig"; sourceTree = "<group>"; };
		9CB9515382F6267AFF53FAF4 /* Pods_FireChat_FireChatUITests.framework */ = {isa = PBXFileReference; explicitFileType = wrapper.framework; includeInIndex = 0; path = Pods_FireChat_FireChatUITests.framework; sourceTree = BUILT_PRODUCTS_DIR; };
		CD29B1AA6D45058D466C76C7 /* Pods-FireChat-FireChatUITests.release.xcconfig */ = {isa = PBXFileReference; includeInIndex = 1; lastKnownFileType = text.xcconfig; name = "Pods-FireChat-FireChatUITests.release.xcconfig"; path = "Target Support Files/Pods-FireChat-FireChatUITests/Pods-FireChat-FireChatUITests.release.xcconfig"; sourceTree = "<group>"; };
		D4EF7FF5EA96564B838B697A /* Pods_FireChat.framework */ = {isa = PBXFileReference; explicitFileType = wrapper.framework; includeInIndex = 0; path = Pods_FireChat.framework; sourceTree = BUILT_PRODUCTS_DIR; };
		ED649ED8D0272C3168486732 /* Pods_FireChatTests.framework */ = {isa = PBXFileReference; explicitFileType = wrapper.framework; includeInIndex = 0; path = Pods_FireChatTests.framework; sourceTree = BUILT_PRODUCTS_DIR; };
/* End PBXFileReference section */

/* Begin PBXFrameworksBuildPhase section */
		839B03F127BE226A000E8E74 /* Frameworks */ = {
			isa = PBXFrameworksBuildPhase;
			buildActionMask = 2147483647;
			files = (
				F16E95CEBF5B779DD68A2AE4 /* Pods_FireChat.framework in Frameworks */,
			);
			runOnlyForDeploymentPostprocessing = 0;
		};
		839B040727BE226B000E8E74 /* Frameworks */ = {
			isa = PBXFrameworksBuildPhase;
			buildActionMask = 2147483647;
			files = (
				9310CAFB09AA5F7D6E5687D0 /* Pods_FireChatTests.framework in Frameworks */,
			);
			runOnlyForDeploymentPostprocessing = 0;
		};
		839B041127BE226B000E8E74 /* Frameworks */ = {
			isa = PBXFrameworksBuildPhase;
			buildActionMask = 2147483647;
			files = (
				EED4F8EAE7ABF91A88499D7A /* Pods_FireChat_FireChatUITests.framework in Frameworks */,
			);
			runOnlyForDeploymentPostprocessing = 0;
		};
/* End PBXFrameworksBuildPhase section */

/* Begin PBXGroup section */
		839B03EB27BE226A000E8E74 = {
			isa = PBXGroup;
			children = (
				839B03F627BE226A000E8E74 /* FireChat */,
				839B040D27BE226B000E8E74 /* FireChatTests */,
				839B041727BE226B000E8E74 /* FireChatUITests */,
				839B03F527BE226A000E8E74 /* Products */,
				88C00A359F9D5E86037E38EB /* Pods */,
				CBCD582E3F40D74370D6751C /* Frameworks */,
			);
			sourceTree = "<group>";
		};
		839B03F527BE226A000E8E74 /* Products */ = {
			isa = PBXGroup;
			children = (
				839B03F427BE226A000E8E74 /* FireChat.app */,
				839B040A27BE226B000E8E74 /* FireChatTests.xctest */,
				839B041427BE226B000E8E74 /* FireChatUITests.xctest */,
			);
			name = Products;
			sourceTree = "<group>";
		};
		839B03F627BE226A000E8E74 /* FireChat */ = {
			isa = PBXGroup;
			children = (
				838B9B6527C4703E00B0DB30 /* GoogleService-Info.plist */,
				839B042727BE227B000E8E74 /* Model */,
				839B042827BE2289000E8E74 /* View */,
				839B042927BE228F000E8E74 /* ViewModel */,
				839B042A27BE22AD000E8E74 /* Controller */,
				839B042C27BE22CB000E8E74 /* Utils */,
				839B042B27BE22C1000E8E74 /* API */,
				839B03F727BE226A000E8E74 /* AppDelegate.swift */,
				839B03F927BE226A000E8E74 /* SceneDelegate.swift */,
				839B03FB27BE226A000E8E74 /* ViewController.swift */,
				839B03FD27BE226A000E8E74 /* Main.storyboard */,
				839B040027BE226B000E8E74 /* Assets.xcassets */,
				839B040227BE226B000E8E74 /* LaunchScreen.storyboard */,
				839B040527BE226B000E8E74 /* Info.plist */,
			);
			path = FireChat;
			sourceTree = "<group>";
		};
		839B040D27BE226B000E8E74 /* FireChatTests */ = {
			isa = PBXGroup;
			children = (
				839B040E27BE226B000E8E74 /* FireChatTests.swift */,
			);
			path = FireChatTests;
			sourceTree = "<group>";
		};
		839B041727BE226B000E8E74 /* FireChatUITests */ = {
			isa = PBXGroup;
			children = (
				839B041827BE226B000E8E74 /* FireChatUITests.swift */,
				839B041A27BE226B000E8E74 /* FireChatUITestsLaunchTests.swift */,
			);
			path = FireChatUITests;
			sourceTree = "<group>";
		};
		839B042727BE227B000E8E74 /* Model */ = {
			isa = PBXGroup;
			children = (
				83E337B327C5F01F00B7C011 /* User.swift */,
				83E9811927C7581600B79A21 /* Message.swift */,
			);
			path = Model;
			sourceTree = "<group>";
		};
		839B042827BE2289000E8E74 /* View */ = {
			isa = PBXGroup;
			children = (
				83113EEA27C348F900EB7DC2 /* InputContainterView.swift */,
				83113EEC27C34CF100EB7DC2 /* CustomTextField.swift */,
				838B9B6B27C50BC100B0DB30 /* UserCell.swift */,
				83E337B927C6523B00B7C011 /* CustomInputAccessoryView.swift */,
				83E9811727C74E7500B79A21 /* MessageCell.swift */,
				83DDA3D127CC9AC10061C607 /* ConversationCell.swift */,
				83DDA3D727CCDD640061C607 /* ProfileHeader.swift */,
				83EC880B27CE06730068EEAA /* ProfileCell.swift */,
				83EC880D27CE20880068EEAA /* ProfileFooter.swift */,
			);
			path = View;
			sourceTree = "<group>";
		};
		839B042927BE228F000E8E74 /* ViewModel */ = {
			isa = PBXGroup;
			children = (
				83113EF627C37B3F00EB7DC2 /* LoginViewModel.swift */,
				83113EF827C3AC8D00EB7DC2 /* RegistrationViewModel.swift */,
				83E9811B27C75AEF00B79A21 /* MessageViewModel.swift */,
				83DDA3D327CC9E0A0061C607 /* ConversationViewModel.swift */,
				83EC880927CE05850068EEAA /* ProfileViewModel.swift */,
			);
			path = ViewModel;
			sourceTree = "<group>";
		};
		839B042A27BE22AD000E8E74 /* Controller */ = {
			isa = PBXGroup;
			children = (
				839B043127BE3D63000E8E74 /* Authentication */,
				839B042D27BE22F4000E8E74 /* ConversationController.swift */,
				838B9B6927C5080800B0DB30 /* NewMessageController.swift */,
				83E337B727C64BBA00B7C011 /* ChatController.swift */,
				83DDA3D527CCDC850061C607 /* ProfileController.swift */,
			);
			path = Controller;
			sourceTree = "<group>";
		};
		839B042B27BE22C1000E8E74 /* API */ = {
			isa = PBXGroup;
			children = (
				838B9B6727C4A2D800B0DB30 /* AuthService.swift */,
				83E337B527C5F08400B7C011 /* Service.swift */,
			);
			path = API;
			sourceTree = "<group>";
		};
		839B042C27BE22CB000E8E74 /* Utils */ = {
			isa = PBXGroup;
			children = (
				83113EE827C3142A00EB7DC2 /* Extensions.swift */,
				83E9811D27C7656600B79A21 /* Constants.swift */,
			);
			path = Utils;
			sourceTree = "<group>";
		};
		839B043127BE3D63000E8E74 /* Authentication */ = {
			isa = PBXGroup;
			children = (
				839B043227BE3D78000E8E74 /* LoginController.swift */,
				839B043427BE3D82000E8E74 /* RegistrationController.swift */,
			);
			path = Authentication;
			sourceTree = "<group>";
		};
		88C00A359F9D5E86037E38EB /* Pods */ = {
			isa = PBXGroup;
			children = (
				75726F192D222069FCF47C27 /* Pods-FireChat.debug.xcconfig */,
				14B7E2A9308FA67F1A72B14A /* Pods-FireChat.release.xcconfig */,
				3797DDBEC7A40653B6DFAF09 /* Pods-FireChat-FireChatUITests.debug.xcconfig */,
				CD29B1AA6D45058D466C76C7 /* Pods-FireChat-FireChatUITests.release.xcconfig */,
				3E946CAA5082BA3F47163985 /* Pods-FireChatTests.debug.xcconfig */,
				8AC58B6B5E5896C2C37A5EFF /* Pods-FireChatTests.release.xcconfig */,
			);
			path = Pods;
			sourceTree = "<group>";
		};
		CBCD582E3F40D74370D6751C /* Frameworks */ = {
			isa = PBXGroup;
			children = (
				D4EF7FF5EA96564B838B697A /* Pods_FireChat.framework */,
				9CB9515382F6267AFF53FAF4 /* Pods_FireChat_FireChatUITests.framework */,
				ED649ED8D0272C3168486732 /* Pods_FireChatTests.framework */,
			);
			name = Frameworks;
			sourceTree = "<group>";
		};
/* End PBXGroup section */

/* Begin PBXNativeTarget section */
		839B03F327BE226A000E8E74 /* FireChat */ = {
			isa = PBXNativeTarget;
			buildConfigurationList = 839B041E27BE226B000E8E74 /* Build configuration list for PBXNativeTarget "FireChat" */;
			buildPhases = (
				927A8E9FF30B547A9FCF128A /* [CP] Check Pods Manifest.lock */,
				839B03F027BE226A000E8E74 /* Sources */,
				839B03F127BE226A000E8E74 /* Frameworks */,
				839B03F227BE226A000E8E74 /* Resources */,
				4251C6F2091388E2BB44CCC2 /* [CP] Embed Pods Frameworks */,
			);
			buildRules = (
			);
			dependencies = (
			);
			name = FireChat;
			productName = FireChat;
			productReference = 839B03F427BE226A000E8E74 /* FireChat.app */;
			productType = "com.apple.product-type.application";
		};
		839B040927BE226B000E8E74 /* FireChatTests */ = {
			isa = PBXNativeTarget;
			buildConfigurationList = 839B042127BE226B000E8E74 /* Build configuration list for PBXNativeTarget "FireChatTests" */;
			buildPhases = (
				2BFB05618B810ABAF729A0CC /* [CP] Check Pods Manifest.lock */,
				839B040627BE226B000E8E74 /* Sources */,
				839B040727BE226B000E8E74 /* Frameworks */,
				839B040827BE226B000E8E74 /* Resources */,
			);
			buildRules = (
			);
			dependencies = (
				839B040C27BE226B000E8E74 /* PBXTargetDependency */,
			);
			name = FireChatTests;
			productName = FireChatTests;
			productReference = 839B040A27BE226B000E8E74 /* FireChatTests.xctest */;
			productType = "com.apple.product-type.bundle.unit-test";
		};
		839B041327BE226B000E8E74 /* FireChatUITests */ = {
			isa = PBXNativeTarget;
			buildConfigurationList = 839B042427BE226B000E8E74 /* Build configuration list for PBXNativeTarget "FireChatUITests" */;
			buildPhases = (
				445539EF1C493462A89FA8B8 /* [CP] Check Pods Manifest.lock */,
				839B041027BE226B000E8E74 /* Sources */,
				839B041127BE226B000E8E74 /* Frameworks */,
				839B041227BE226B000E8E74 /* Resources */,
				4F04428250BDA8BED43B5771 /* [CP] Embed Pods Frameworks */,
			);
			buildRules = (
			);
			dependencies = (
				839B041627BE226B000E8E74 /* PBXTargetDependency */,
			);
			name = FireChatUITests;
			productName = FireChatUITests;
			productReference = 839B041427BE226B000E8E74 /* FireChatUITests.xctest */;
			productType = "com.apple.product-type.bundle.ui-testing";
		};
/* End PBXNativeTarget section */

/* Begin PBXProject section */
		839B03EC27BE226A000E8E74 /* Project object */ = {
			isa = PBXProject;
			attributes = {
				BuildIndependentTargetsInParallel = 1;
				LastSwiftUpdateCheck = 1320;
				LastUpgradeCheck = 1320;
				TargetAttributes = {
					839B03F327BE226A000E8E74 = {
						CreatedOnToolsVersion = 13.2.1;
					};
					839B040927BE226B000E8E74 = {
						CreatedOnToolsVersion = 13.2.1;
						TestTargetID = 839B03F327BE226A000E8E74;
					};
					839B041327BE226B000E8E74 = {
						CreatedOnToolsVersion = 13.2.1;
						TestTargetID = 839B03F327BE226A000E8E74;
					};
				};
			};
			buildConfigurationList = 839B03EF27BE226A000E8E74 /* Build configuration list for PBXProject "FireChat" */;
			compatibilityVersion = "Xcode 13.0";
			developmentRegion = en;
			hasScannedForEncodings = 0;
			knownRegions = (
				en,
				Base,
			);
			mainGroup = 839B03EB27BE226A000E8E74;
			productRefGroup = 839B03F527BE226A000E8E74 /* Products */;
			projectDirPath = "";
			projectRoot = "";
			targets = (
				839B03F327BE226A000E8E74 /* FireChat */,
				839B040927BE226B000E8E74 /* FireChatTests */,
				839B041327BE226B000E8E74 /* FireChatUITests */,
			);
		};
/* End PBXProject section */

/* Begin PBXResourcesBuildPhase section */
		839B03F227BE226A000E8E74 /* Resources */ = {
			isa = PBXResourcesBuildPhase;
			buildActionMask = 2147483647;
			files = (
				839B040427BE226B000E8E74 /* LaunchScreen.storyboard in Resources */,
				838B9B6627C4703E00B0DB30 /* GoogleService-Info.plist in Resources */,
				839B040127BE226B000E8E74 /* Assets.xcassets in Resources */,
				839B03FF27BE226A000E8E74 /* Main.storyboard in Resources */,
			);
			runOnlyForDeploymentPostprocessing = 0;
		};
		839B040827BE226B000E8E74 /* Resources */ = {
			isa = PBXResourcesBuildPhase;
			buildActionMask = 2147483647;
			files = (
			);
			runOnlyForDeploymentPostprocessing = 0;
		};
		839B041227BE226B000E8E74 /* Resources */ = {
			isa = PBXResourcesBuildPhase;
			buildActionMask = 2147483647;
			files = (
			);
			runOnlyForDeploymentPostprocessing = 0;
		};
/* End PBXResourcesBuildPhase section */

/* Begin PBXShellScriptBuildPhase section */
		2BFB05618B810ABAF729A0CC /* [CP] Check Pods Manifest.lock */ = {
			isa = PBXShellScriptBuildPhase;
			buildActionMask = 2147483647;
			files = (
			);
			inputFileListPaths = (
			);
			inputPaths = (
				"${PODS_PODFILE_DIR_PATH}/Podfile.lock",
				"${PODS_ROOT}/Manifest.lock",
			);
			name = "[CP] Check Pods Manifest.lock";
			outputFileListPaths = (
			);
			outputPaths = (
				"$(DERIVED_FILE_DIR)/Pods-FireChatTests-checkManifestLockResult.txt",
			);
			runOnlyForDeploymentPostprocessing = 0;
			shellPath = /bin/sh;
			shellScript = "diff \"${PODS_PODFILE_DIR_PATH}/Podfile.lock\" \"${PODS_ROOT}/Manifest.lock\" > /dev/null\nif [ $? != 0 ] ; then\n    # print error to STDERR\n    echo \"error: The sandbox is not in sync with the Podfile.lock. Run 'pod install' or update your CocoaPods installation.\" >&2\n    exit 1\nfi\n# This output is used by Xcode 'outputs' to avoid re-running this script phase.\necho \"SUCCESS\" > \"${SCRIPT_OUTPUT_FILE_0}\"\n";
			showEnvVarsInLog = 0;
		};
		4251C6F2091388E2BB44CCC2 /* [CP] Embed Pods Frameworks */ = {
			isa = PBXShellScriptBuildPhase;
			buildActionMask = 2147483647;
			files = (
			);
			inputFileListPaths = (
				"${PODS_ROOT}/Target Support Files/Pods-FireChat/Pods-FireChat-frameworks-${CONFIGURATION}-input-files.xcfilelist",
			);
			name = "[CP] Embed Pods Frameworks";
			outputFileListPaths = (
				"${PODS_ROOT}/Target Support Files/Pods-FireChat/Pods-FireChat-frameworks-${CONFIGURATION}-output-files.xcfilelist",
			);
			runOnlyForDeploymentPostprocessing = 0;
			shellPath = /bin/sh;
			shellScript = "\"${PODS_ROOT}/Target Support Files/Pods-FireChat/Pods-FireChat-frameworks.sh\"\n";
			showEnvVarsInLog = 0;
		};
		445539EF1C493462A89FA8B8 /* [CP] Check Pods Manifest.lock */ = {
			isa = PBXShellScriptBuildPhase;
			buildActionMask = 2147483647;
			files = (
			);
			inputFileListPaths = (
			);
			inputPaths = (
				"${PODS_PODFILE_DIR_PATH}/Podfile.lock",
				"${PODS_ROOT}/Manifest.lock",
			);
			name = "[CP] Check Pods Manifest.lock";
			outputFileListPaths = (
			);
			outputPaths = (
				"$(DERIVED_FILE_DIR)/Pods-FireChat-FireChatUITests-checkManifestLockResult.txt",
			);
			runOnlyForDeploymentPostprocessing = 0;
			shellPath = /bin/sh;
			shellScript = "diff \"${PODS_PODFILE_DIR_PATH}/Podfile.lock\" \"${PODS_ROOT}/Manifest.lock\" > /dev/null\nif [ $? != 0 ] ; then\n    # print error to STDERR\n    echo \"error: The sandbox is not in sync with the Podfile.lock. Run 'pod install' or update your CocoaPods installation.\" >&2\n    exit 1\nfi\n# This output is used by Xcode 'outputs' to avoid re-running this script phase.\necho \"SUCCESS\" > \"${SCRIPT_OUTPUT_FILE_0}\"\n";
			showEnvVarsInLog = 0;
		};
		4F04428250BDA8BED43B5771 /* [CP] Embed Pods Frameworks */ = {
			isa = PBXShellScriptBuildPhase;
			buildActionMask = 2147483647;
			files = (
			);
			inputFileListPaths = (
				"${PODS_ROOT}/Target Support Files/Pods-FireChat-FireChatUITests/Pods-FireChat-FireChatUITests-frameworks-${CONFIGURATION}-input-files.xcfilelist",
			);
			name = "[CP] Embed Pods Frameworks";
			outputFileListPaths = (
				"${PODS_ROOT}/Target Support Files/Pods-FireChat-FireChatUITests/Pods-FireChat-FireChatUITests-frameworks-${CONFIGURATION}-output-files.xcfilelist",
			);
			runOnlyForDeploymentPostprocessing = 0;
			shellPath = /bin/sh;
			shellScript = "\"${PODS_ROOT}/Target Support Files/Pods-FireChat-FireChatUITests/Pods-FireChat-FireChatUITests-frameworks.sh\"\n";
			showEnvVarsInLog = 0;
		};
		927A8E9FF30B547A9FCF128A /* [CP] Check Pods Manifest.lock */ = {
			isa = PBXShellScriptBuildPhase;
			buildActionMask = 2147483647;
			files = (
			);
			inputFileListPaths = (
			);
			inputPaths = (
				"${PODS_PODFILE_DIR_PATH}/Podfile.lock",
				"${PODS_ROOT}/Manifest.lock",
			);
			name = "[CP] Check Pods Manifest.lock";
			outputFileListPaths = (
			);
			outputPaths = (
				"$(DERIVED_FILE_DIR)/Pods-FireChat-checkManifestLockResult.txt",
			);
			runOnlyForDeploymentPostprocessing = 0;
			shellPath = /bin/sh;
			shellScript = "diff \"${PODS_PODFILE_DIR_PATH}/Podfile.lock\" \"${PODS_ROOT}/Manifest.lock\" > /dev/null\nif [ $? != 0 ] ; then\n    # print error to STDERR\n    echo \"error: The sandbox is not in sync with the Podfile.lock. Run 'pod install' or update your CocoaPods installation.\" >&2\n    exit 1\nfi\n# This output is used by Xcode 'outputs' to avoid re-running this script phase.\necho \"SUCCESS\" > \"${SCRIPT_OUTPUT_FILE_0}\"\n";
			showEnvVarsInLog = 0;
		};
/* End PBXShellScriptBuildPhase section */

/* Begin PBXSourcesBuildPhase section */
		839B03F027BE226A000E8E74 /* Sources */ = {
			isa = PBXSourcesBuildPhase;
			buildActionMask = 2147483647;
			files = (
				83DDA3D627CCDC850061C607 /* ProfileController.swift in Sources */,
				839B03FC27BE226A000E8E74 /* ViewController.swift in Sources */,
				83E9811E27C7656600B79A21 /* Constants.swift in Sources */,
				83EC880A27CE05850068EEAA /* ProfileViewModel.swift in Sources */,
				83113EF927C3AC8D00EB7DC2 /* RegistrationViewModel.swift in Sources */,
				839B03F827BE226A000E8E74 /* AppDelegate.swift in Sources */,
				838B9B6827C4A2D800B0DB30 /* AuthService.swift in Sources */,
				83E9811C27C75AEF00B79A21 /* MessageViewModel.swift in Sources */,
				83EC880E27CE20880068EEAA /* ProfileFooter.swift in Sources */,
				83DDA3D227CC9AC10061C607 /* ConversationCell.swift in Sources */,
				839B042E27BE22F4000E8E74 /* ConversationController.swift in Sources */,
				839B03FA27BE226A000E8E74 /* SceneDelegate.swift in Sources */,
				838B9B6C27C50BC100B0DB30 /* UserCell.swift in Sources */,
				839B043527BE3D82000E8E74 /* RegistrationController.swift in Sources */,
				83EC880C27CE06730068EEAA /* ProfileCell.swift in Sources */,
				83E337B427C5F01F00B7C011 /* User.swift in Sources */,
				83E337B627C5F08400B7C011 /* Service.swift in Sources */,
				83DDA3D427CC9E0A0061C607 /* ConversationViewModel.swift in Sources */,
				83E9811827C74E7500B79A21 /* MessageCell.swift in Sources */,
				839B043327BE3D78000E8E74 /* LoginController.swift in Sources */,
				83113EEB27C348F900EB7DC2 /* InputContainterView.swift in Sources */,
				83DDA3D827CCDD640061C607 /* ProfileHeader.swift in Sources */,
				83113EE927C3142A00EB7DC2 /* Extensions.swift in Sources */,
				83113EF727C37B3F00EB7DC2 /* LoginViewModel.swift in Sources */,
				83E337B827C64BBA00B7C011 /* ChatController.swift in Sources */,
				83113EED27C34CF100EB7DC2 /* CustomTextField.swift in Sources */,
				83E9811A27C7581600B79A21 /* Message.swift in Sources */,
				838B9B6A27C5080800B0DB30 /* NewMessageController.swift in Sources */,
				83E337BA27C6523B00B7C011 /* CustomInputAccessoryView.swift in Sources */,
			);
			runOnlyForDeploymentPostprocessing = 0;
		};
		839B040627BE226B000E8E74 /* Sources */ = {
			isa = PBXSourcesBuildPhase;
			buildActionMask = 2147483647;
			files = (
				839B040F27BE226B000E8E74 /* FireChatTests.swift in Sources */,
			);
			runOnlyForDeploymentPostprocessing = 0;
		};
		839B041027BE226B000E8E74 /* Sources */ = {
			isa = PBXSourcesBuildPhase;
			buildActionMask = 2147483647;
			files = (
				839B041B27BE226B000E8E74 /* FireChatUITestsLaunchTests.swift in Sources */,
				839B041927BE226B000E8E74 /* FireChatUITests.swift in Sources */,
			);
			runOnlyForDeploymentPostprocessing = 0;
		};
/* End PBXSourcesBuildPhase section */

/* Begin PBXTargetDependency section */
		839B040C27BE226B000E8E74 /* PBXTargetDependency */ = {
			isa = PBXTargetDependency;
			target = 839B03F327BE226A000E8E74 /* FireChat */;
			targetProxy = 839B040B27BE226B000E8E74 /* PBXContainerItemProxy */;
		};
		839B041627BE226B000E8E74 /* PBXTargetDependency */ = {
			isa = PBXTargetDependency;
			target = 839B03F327BE226A000E8E74 /* FireChat */;
			targetProxy = 839B041527BE226B000E8E74 /* PBXContainerItemProxy */;
		};
/* End PBXTargetDependency section */

/* Begin PBXVariantGroup section */
		839B03FD27BE226A000E8E74 /* Main.storyboard */ = {
			isa = PBXVariantGroup;
			children = (
				839B03FE27BE226A000E8E74 /* Base */,
			);
			name = Main.storyboard;
			sourceTree = "<group>";
		};
		839B040227BE226B000E8E74 /* LaunchScreen.storyboard */ = {
			isa = PBXVariantGroup;
			children = (
				839B040327BE226B000E8E74 /* Base */,
			);
			name = LaunchScreen.storyboard;
			sourceTree = "<group>";
		};
/* End PBXVariantGroup section */

/* Begin XCBuildConfiguration section */
		839B041C27BE226B000E8E74 /* Debug */ = {
			isa = XCBuildConfiguration;
			buildSettings = {
				ALWAYS_SEARCH_USER_PATHS = NO;
				CLANG_ANALYZER_NONNULL = YES;
				CLANG_ANALYZER_NUMBER_OBJECT_CONVERSION = YES_AGGRESSIVE;
				CLANG_CXX_LANGUAGE_STANDARD = "gnu++17";
				CLANG_CXX_LIBRARY = "libc++";
				CLANG_ENABLE_MODULES = YES;
				CLANG_ENABLE_OBJC_ARC = YES;
				CLANG_ENABLE_OBJC_WEAK = YES;
				CLANG_WARN_BLOCK_CAPTURE_AUTORELEASING = YES;
				CLANG_WARN_BOOL_CONVERSION = YES;
				CLANG_WARN_COMMA = YES;
				CLANG_WARN_CONSTANT_CONVERSION = YES;
				CLANG_WARN_DEPRECATED_OBJC_IMPLEMENTATIONS = YES;
				CLANG_WARN_DIRECT_OBJC_ISA_USAGE = YES_ERROR;
				CLANG_WARN_DOCUMENTATION_COMMENTS = YES;
				CLANG_WARN_EMPTY_BODY = YES;
				CLANG_WARN_ENUM_CONVERSION = YES;
				CLANG_WARN_INFINITE_RECURSION = YES;
				CLANG_WARN_INT_CONVERSION = YES;
				CLANG_WARN_NON_LITERAL_NULL_CONVERSION = YES;
				CLANG_WARN_OBJC_IMPLICIT_RETAIN_SELF = YES;
				CLANG_WARN_OBJC_LITERAL_CONVERSION = YES;
				CLANG_WARN_OBJC_ROOT_CLASS = YES_ERROR;
				CLANG_WARN_QUOTED_INCLUDE_IN_FRAMEWORK_HEADER = YES;
				CLANG_WARN_RANGE_LOOP_ANALYSIS = YES;
				CLANG_WARN_STRICT_PROTOTYPES = YES;
				CLANG_WARN_SUSPICIOUS_MOVE = YES;
				CLANG_WARN_UNGUARDED_AVAILABILITY = YES_AGGRESSIVE;
				CLANG_WARN_UNREACHABLE_CODE = YES;
				CLANG_WARN__DUPLICATE_METHOD_MATCH = YES;
				COPY_PHASE_STRIP = NO;
				DEBUG_INFORMATION_FORMAT = dwarf;
				ENABLE_STRICT_OBJC_MSGSEND = YES;
				ENABLE_TESTABILITY = YES;
				GCC_C_LANGUAGE_STANDARD = gnu11;
				GCC_DYNAMIC_NO_PIC = NO;
				GCC_NO_COMMON_BLOCKS = YES;
				GCC_OPTIMIZATION_LEVEL = 0;
				GCC_PREPROCESSOR_DEFINITIONS = (
					"DEBUG=1",
					"$(inherited)",
				);
				GCC_WARN_64_TO_32_BIT_CONVERSION = YES;
				GCC_WARN_ABOUT_RETURN_TYPE = YES_ERROR;
				GCC_WARN_UNDECLARED_SELECTOR = YES;
				GCC_WARN_UNINITIALIZED_AUTOS = YES_AGGRESSIVE;
				GCC_WARN_UNUSED_FUNCTION = YES;
				GCC_WARN_UNUSED_VARIABLE = YES;
				IPHONEOS_DEPLOYMENT_TARGET = 15.2;
				MTL_ENABLE_DEBUG_INFO = INCLUDE_SOURCE;
				MTL_FAST_MATH = YES;
				ONLY_ACTIVE_ARCH = YES;
				SDKROOT = iphoneos;
				SWIFT_ACTIVE_COMPILATION_CONDITIONS = DEBUG;
				SWIFT_OPTIMIZATION_LEVEL = "-Onone";
			};
			name = Debug;
		};
		839B041D27BE226B000E8E74 /* Release */ = {
			isa = XCBuildConfiguration;
			buildSettings = {
				ALWAYS_SEARCH_USER_PATHS = NO;
				CLANG_ANALYZER_NONNULL = YES;
				CLANG_ANALYZER_NUMBER_OBJECT_CONVERSION = YES_AGGRESSIVE;
				CLANG_CXX_LANGUAGE_STANDARD = "gnu++17";
				CLANG_CXX_LIBRARY = "libc++";
				CLANG_ENABLE_MODULES = YES;
				CLANG_ENABLE_OBJC_ARC = YES;
				CLANG_ENABLE_OBJC_WEAK = YES;
				CLANG_WARN_BLOCK_CAPTURE_AUTORELEASING = YES;
				CLANG_WARN_BOOL_CONVERSION = YES;
				CLANG_WARN_COMMA = YES;
				CLANG_WARN_CONSTANT_CONVERSION = YES;
				CLANG_WARN_DEPRECATED_OBJC_IMPLEMENTATIONS = YES;
				CLANG_WARN_DIRECT_OBJC_ISA_USAGE = YES_ERROR;
				CLANG_WARN_DOCUMENTATION_COMMENTS = YES;
				CLANG_WARN_EMPTY_BODY = YES;
				CLANG_WARN_ENUM_CONVERSION = YES;
				CLANG_WARN_INFINITE_RECURSION = YES;
				CLANG_WARN_INT_CONVERSION = YES;
				CLANG_WARN_NON_LITERAL_NULL_CONVERSION = YES;
				CLANG_WARN_OBJC_IMPLICIT_RETAIN_SELF = YES;
				CLANG_WARN_OBJC_LITERAL_CONVERSION = YES;
				CLANG_WARN_OBJC_ROOT_CLASS = YES_ERROR;
				CLANG_WARN_QUOTED_INCLUDE_IN_FRAMEWORK_HEADER = YES;
				CLANG_WARN_RANGE_LOOP_ANALYSIS = YES;
				CLANG_WARN_STRICT_PROTOTYPES = YES;
				CLANG_WARN_SUSPICIOUS_MOVE = YES;
				CLANG_WARN_UNGUARDED_AVAILABILITY = YES_AGGRESSIVE;
				CLANG_WARN_UNREACHABLE_CODE = YES;
				CLANG_WARN__DUPLICATE_METHOD_MATCH = YES;
				COPY_PHASE_STRIP = NO;
				DEBUG_INFORMATION_FORMAT = "dwarf-with-dsym";
				ENABLE_NS_ASSERTIONS = NO;
				ENABLE_STRICT_OBJC_MSGSEND = YES;
				GCC_C_LANGUAGE_STANDARD = gnu11;
				GCC_NO_COMMON_BLOCKS = YES;
				GCC_WARN_64_TO_32_BIT_CONVERSION = YES;
				GCC_WARN_ABOUT_RETURN_TYPE = YES_ERROR;
				GCC_WARN_UNDECLARED_SELECTOR = YES;
				GCC_WARN_UNINITIALIZED_AUTOS = YES_AGGRESSIVE;
				GCC_WARN_UNUSED_FUNCTION = YES;
				GCC_WARN_UNUSED_VARIABLE = YES;
				IPHONEOS_DEPLOYMENT_TARGET = 15.2;
				MTL_ENABLE_DEBUG_INFO = NO;
				MTL_FAST_MATH = YES;
				SDKROOT = iphoneos;
				SWIFT_COMPILATION_MODE = wholemodule;
				SWIFT_OPTIMIZATION_LEVEL = "-O";
				VALIDATE_PRODUCT = YES;
			};
			name = Release;
		};
		839B041F27BE226B000E8E74 /* Debug */ = {
			isa = XCBuildConfiguration;
			baseConfigurationReference = 75726F192D222069FCF47C27 /* Pods-FireChat.debug.xcconfig */;
			buildSettings = {
				ASSETCATALOG_COMPILER_APPICON_NAME = AppIcon;
				ASSETCATALOG_COMPILER_GLOBAL_ACCENT_COLOR_NAME = AccentColor;
				CODE_SIGN_STYLE = Automatic;
				CURRENT_PROJECT_VERSION = 1;
				DEVELOPMENT_TEAM = 9WL79K6FTS;
				GENERATE_INFOPLIST_FILE = YES;
				INFOPLIST_FILE = FireChat/Info.plist;
				INFOPLIST_KEY_UIApplicationSupportsIndirectInputEvents = YES;
				INFOPLIST_KEY_UILaunchStoryboardName = LaunchScreen;
				INFOPLIST_KEY_UIMainStoryboardFile = Main;
				INFOPLIST_KEY_UISupportedInterfaceOrientations_iPad = "UIInterfaceOrientationPortrait UIInterfaceOrientationPortraitUpsideDown UIInterfaceOrientationLandscapeLeft UIInterfaceOrientationLandscapeRight";
				INFOPLIST_KEY_UISupportedInterfaceOrientations_iPhone = "UIInterfaceOrientationPortrait UIInterfaceOrientationLandscapeLeft UIInterfaceOrientationLandscapeRight";
				LD_RUNPATH_SEARCH_PATHS = (
					"$(inherited)",
					"@executable_path/Frameworks",
				);
				MARKETING_VERSION = 1.0;
				PRODUCT_BUNDLE_IDENTIFIER = O;
				PRODUCT_NAME = "$(TARGET_NAME)";
				SWIFT_EMIT_LOC_STRINGS = YES;
				SWIFT_VERSION = 5.0;
				TARGETED_DEVICE_FAMILY = "1,2";
			};
			name = Debug;
		};
		839B042027BE226B000E8E74 /* Release */ = {
			isa = XCBuildConfiguration;
			baseConfigurationReference = 14B7E2A9308FA67F1A72B14A /* Pods-FireChat.release.xcconfig */;
			buildSettings = {
				ASSETCATALOG_COMPILER_APPICON_NAME = AppIcon;
				ASSETCATALOG_COMPILER_GLOBAL_ACCENT_COLOR_NAME = AccentColor;
				CODE_SIGN_STYLE = Automatic;
				CURRENT_PROJECT_VERSION = 1;
				DEVELOPMENT_TEAM = 9WL79K6FTS;
				GENERATE_INFOPLIST_FILE = YES;
				INFOPLIST_FILE = FireChat/Info.plist;
				INFOPLIST_KEY_UIApplicationSupportsIndirectInputEvents = YES;
				INFOPLIST_KEY_UILaunchStoryboardName = LaunchScreen;
				INFOPLIST_KEY_UIMainStoryboardFile = Main;
				INFOPLIST_KEY_UISupportedInterfaceOrientations_iPad = "UIInterfaceOrientationPortrait UIInterfaceOrientationPortraitUpsideDown UIInterfaceOrientationLandscapeLeft UIInterfaceOrientationLandscapeRight";
				INFOPLIST_KEY_UISupportedInterfaceOrientations_iPhone = "UIInterfaceOrientationPortrait UIInterfaceOrientationLandscapeLeft UIInterfaceOrientationLandscapeRight";
				LD_RUNPATH_SEARCH_PATHS = (
					"$(inherited)",
					"@executable_path/Frameworks",
				);
				MARKETING_VERSION = 1.0;
				PRODUCT_BUNDLE_IDENTIFIER = O;
				PRODUCT_NAME = "$(TARGET_NAME)";
				SWIFT_EMIT_LOC_STRINGS = YES;
				SWIFT_VERSION = 5.0;
				TARGETED_DEVICE_FAMILY = "1,2";
			};
			name = Release;
		};
		839B042227BE226B000E8E74 /* Debug */ = {
			isa = XCBuildConfiguration;
			baseConfigurationReference = 3E946CAA5082BA3F47163985 /* Pods-FireChatTests.debug.xcconfig */;
			buildSettings = {
				ALWAYS_EMBED_SWIFT_STANDARD_LIBRARIES = YES;
				BUNDLE_LOADER = "$(TEST_HOST)";
				CODE_SIGN_STYLE = Automatic;
				CURRENT_PROJECT_VERSION = 1;
				DEVELOPMENT_TEAM = 9WL79K6FTS;
				GENERATE_INFOPLIST_FILE = YES;
				IPHONEOS_DEPLOYMENT_TARGET = 15.2;
				MARKETING_VERSION = 1.0;
				PRODUCT_BUNDLE_IDENTIFIER = com.ysm.FireChatTests;
				PRODUCT_NAME = "$(TARGET_NAME)";
				SWIFT_EMIT_LOC_STRINGS = NO;
				SWIFT_VERSION = 5.0;
				TARGETED_DEVICE_FAMILY = "1,2";
				TEST_HOST = "$(BUILT_PRODUCTS_DIR)/FireChat.app/FireChat";
			};
			name = Debug;
		};
		839B042327BE226B000E8E74 /* Release */ = {
			isa = XCBuildConfiguration;
			baseConfigurationReference = 8AC58B6B5E5896C2C37A5EFF /* Pods-FireChatTests.release.xcconfig */;
			buildSettings = {
				ALWAYS_EMBED_SWIFT_STANDARD_LIBRARIES = YES;
				BUNDLE_LOADER = "$(TEST_HOST)";
				CODE_SIGN_STYLE = Automatic;
				CURRENT_PROJECT_VERSION = 1;
				DEVELOPMENT_TEAM = 9WL79K6FTS;
				GENERATE_INFOPLIST_FILE = YES;
				IPHONEOS_DEPLOYMENT_TARGET = 15.2;
				MARKETING_VERSION = 1.0;
				PRODUCT_BUNDLE_IDENTIFIER = com.ysm.FireChatTests;
				PRODUCT_NAME = "$(TARGET_NAME)";
				SWIFT_EMIT_LOC_STRINGS = NO;
				SWIFT_VERSION = 5.0;
				TARGETED_DEVICE_FAMILY = "1,2";
				TEST_HOST = "$(BUILT_PRODUCTS_DIR)/FireChat.app/FireChat";
			};
			name = Release;
		};
		839B042527BE226B000E8E74 /* Debug */ = {
			isa = XCBuildConfiguration;
			baseConfigurationReference = 3797DDBEC7A40653B6DFAF09 /* Pods-FireChat-FireChatUITests.debug.xcconfig */;
			buildSettings = {
				ALWAYS_EMBED_SWIFT_STANDARD_LIBRARIES = YES;
				CODE_SIGN_STYLE = Automatic;
				CURRENT_PROJECT_VERSION = 1;
				DEVELOPMENT_TEAM = 9WL79K6FTS;
				GENERATE_INFOPLIST_FILE = YES;
				MARKETING_VERSION = 1.0;
				PRODUCT_BUNDLE_IDENTIFIER = com.ysm.FireChatUITests;
				PRODUCT_NAME = "$(TARGET_NAME)";
				SWIFT_EMIT_LOC_STRINGS = NO;
				SWIFT_VERSION = 5.0;
				TARGETED_DEVICE_FAMILY = "1,2";
				TEST_TARGET_NAME = FireChat;
			};
			name = Debug;
		};
		839B042627BE226B000E8E74 /* Release */ = {
			isa = XCBuildConfiguration;
			baseConfigurationReference = CD29B1AA6D45058D466C76C7 /* Pods-FireChat-FireChatUITests.release.xcconfig */;
			buildSettings = {
				ALWAYS_EMBED_SWIFT_STANDARD_LIBRARIES = YES;
				CODE_SIGN_STYLE = Automatic;
				CURRENT_PROJECT_VERSION = 1;
				DEVELOPMENT_TEAM = 9WL79K6FTS;
				GENERATE_INFOPLIST_FILE = YES;
				MARKETING_VERSION = 1.0;
				PRODUCT_BUNDLE_IDENTIFIER = com.ysm.FireChatUITests;
				PRODUCT_NAME = "$(TARGET_NAME)";
				SWIFT_EMIT_LOC_STRINGS = NO;
				SWIFT_VERSION = 5.0;
				TARGETED_DEVICE_FAMILY = "1,2";
				TEST_TARGET_NAME = FireChat;
			};
			name = Release;
		};
/* End XCBuildConfiguration section */

/* Begin XCConfigurationList section */
		839B03EF27BE226A000E8E74 /* Build configuration list for PBXProject "FireChat" */ = {
			isa = XCConfigurationList;
			buildConfigurations = (
				839B041C27BE226B000E8E74 /* Debug */,
				839B041D27BE226B000E8E74 /* Release */,
			);
			defaultConfigurationIsVisible = 0;
			defaultConfigurationName = Release;
		};
		839B041E27BE226B000E8E74 /* Build configuration list for PBXNativeTarget "FireChat" */ = {
			isa = XCConfigurationList;
			buildConfigurations = (
				839B041F27BE226B000E8E74 /* Debug */,
				839B042027BE226B000E8E74 /* Release */,
			);
			defaultConfigurationIsVisible = 0;
			defaultConfigurationName = Release;
		};
		839B042127BE226B000E8E74 /* Build configuration list for PBXNativeTarget "FireChatTests" */ = {
			isa = XCConfigurationList;
			buildConfigurations = (
				839B042227BE226B000E8E74 /* Debug */,
				839B042327BE226B000E8E74 /* Release */,
			);
			defaultConfigurationIsVisible = 0;
			defaultConfigurationName = Release;
		};
		839B042427BE226B000E8E74 /* Build configuration list for PBXNativeTarget "FireChatUITests" */ = {
			isa = XCConfigurationList;
			buildConfigurations = (
				839B042527BE226B000E8E74 /* Debug */,
				839B042627BE226B000E8E74 /* Release */,
			);
			defaultConfigurationIsVisible = 0;
			defaultConfigurationName = Release;
		};
/* End XCConfigurationList section */
	};
	rootObject = 839B03EC27BE226A000E8E74 /* Project object */;
}
